// !$*UTF8*$!
{
	archiveVersion = 1;
	classes = {
	};
	objectVersion = 46;
	objects = {

/* Begin PBXBuildFile section */
		293982E7223077D900CA2288 /* AppDelegate.swift in Sources */ = {isa = PBXBuildFile; fileRef = 293982E6223077D900CA2288 /* AppDelegate.swift */; };
		293982E9223077D900CA2288 /* ViewController.swift in Sources */ = {isa = PBXBuildFile; fileRef = 293982E8223077D900CA2288 /* ViewController.swift */; };
		293982EC223077D900CA2288 /* Main.storyboard in Resources */ = {isa = PBXBuildFile; fileRef = 293982EA223077D900CA2288 /* Main.storyboard */; };
		293982EE223077D900CA2288 /* Assets.xcassets in Resources */ = {isa = PBXBuildFile; fileRef = 293982ED223077D900CA2288 /* Assets.xcassets */; };
		293982F1223077D900CA2288 /* LaunchScreen.storyboard in Resources */ = {isa = PBXBuildFile; fileRef = 293982EF223077D900CA2288 /* LaunchScreen.storyboard */; };
/* End PBXBuildFile section */

/* Begin PBXFileReference section */
		293982E3223077D900CA2288 /* Dungeon Descent.app */ = {isa = PBXFileReference; explicitFileType = wrapper.application; includeInIndex = 0; path = "Dungeon Descent.app"; sourceTree = BUILT_PRODUCTS_DIR; };
		293982E6223077D900CA2288 /* AppDelegate.swift */ = {isa = PBXFileReference; lastKnownFileType = sourcecode.swift; path = AppDelegate.swift; sourceTree = "<group>"; };
		293982E8223077D900CA2288 /* ViewController.swift */ = {isa = PBXFileReference; lastKnownFileType = sourcecode.swift; path = ViewController.swift; sourceTree = "<group>"; };
		293982EB223077D900CA2288 /* Base */ = {isa = PBXFileReference; lastKnownFileType = file.storyboard; name = Base; path = Base.lproj/Main.storyboard; sourceTree = "<group>"; };
		293982ED223077D900CA2288 /* Assets.xcassets */ = {isa = PBXFileReference; lastKnownFileType = folder.assetcatalog; path = Assets.xcassets; sourceTree = "<group>"; };
		293982F0223077D900CA2288 /* Base */ = {isa = PBXFileReference; lastKnownFileType = file.storyboard; name = Base; path = Base.lproj/LaunchScreen.storyboard; sourceTree = "<group>"; };
		293982F2223077D900CA2288 /* Info.plist */ = {isa = PBXFileReference; lastKnownFileType = text.plist.xml; path = Info.plist; sourceTree = "<group>"; };
/* End PBXFileReference section */

/* Begin PBXFrameworksBuildPhase section */
		293982E0223077D900CA2288 /* Frameworks */ = {
			isa = PBXFrameworksBuildPhase;
			buildActionMask = 2147483647;
			files = (
			);
			runOnlyForDeploymentPostprocessing = 0;
		};
/* End PBXFrameworksBuildPhase section */

/* Begin PBXGroup section */
		293982DA223077D900CA2288 = {
			isa = PBXGroup;
			children = (
				293982E5223077D900CA2288 /* Dungeon Descent */,
				293982E4223077D900CA2288 /* Products */,
			);
			sourceTree = "<group>";
		};
		293982E4223077D900CA2288 /* Products */ = {
			isa = PBXGroup;
			children = (
				293982E3223077D900CA2288 /* Dungeon Descent.app */,
			);
			name = Products;
			sourceTree = "<group>";
		};
		293982E5223077D900CA2288 /* Dungeon Descent */ = {
			isa = PBXGroup;
			children = (
				293982E6223077D900CA2288 /* AppDelegate.swift */,
				293982E8223077D900CA2288 /* ViewController.swift */,
				293982EA223077D900CA2288 /* Main.storyboard */,
				293982ED223077D900CA2288 /* Assets.xcassets */,
				293982EF223077D900CA2288 /* LaunchScreen.storyboard */,
				293982F2223077D900CA2288 /* Info.plist */,
			);
			path = "Dungeon Descent";
			sourceTree = "<group>";
		};
/* End PBXGroup section */

/* Begin PBXNativeTarget section */
		293982E2223077D900CA2288 /* Dungeon Descent */ = {
			isa = PBXNativeTarget;
			buildConfigurationList = 293982F5223077D900CA2288 /* Build configuration list for PBXNativeTarget "Dungeon Descent" */;
			buildPhases = (
				293982DF223077D900CA2288 /* Sources */,
				293982E0223077D900CA2288 /* Frameworks */,
				293982E1223077D900CA2288 /* Resources */,
			);
			buildRules = (
			);
			dependencies = (
			);
			name = "Dungeon Descent";
			productName = "Dungeon Descent";
			productReference = 293982E3223077D900CA2288 /* Dungeon Descent.app */;
			productType = "com.apple.product-type.application";
		};
/* End PBXNativeTarget section */

/* Begin PBXProject section */
		293982DB223077D900CA2288 /* Project object */ = {
			isa = PBXProject;
			attributes = {
				LastSwiftUpdateCheck = 0820;
				LastUpgradeCheck = 0820;
				ORGANIZATIONNAME = "John Rocco";
				TargetAttributes = {
					293982E2223077D900CA2288 = {
						CreatedOnToolsVersion = 8.2.1;
						ProvisioningStyle = Automatic;
					};
				};
			};
			buildConfigurationList = 293982DE223077D900CA2288 /* Build configuration list for PBXProject "Dungeon Descent" */;
			compatibilityVersion = "Xcode 3.2";
			developmentRegion = English;
			hasScannedForEncodings = 0;
			knownRegions = (
				en,
				Base,
			);
			mainGroup = 293982DA223077D900CA2288;
			productRefGroup = 293982E4223077D900CA2288 /* Products */;
			projectDirPath = "";
			projectRoot = "";
			targets = (
				293982E2223077D900CA2288 /* Dungeon Descent */,
			);
		};
/* End PBXProject section */

/* Begin PBXResourcesBuildPhase section */
		293982E1223077D900CA2288 /* Resources */ = {
			isa = PBXResourcesBuildPhase;
			buildActionMask = 2147483647;
			files = (
				293982F1223077D900CA2288 /* LaunchScreen.storyboard in Resources */,
				293982EE223077D900CA2288 /* Assets.xcassets in Resources */,
				293982EC223077D900CA2288 /* Main.storyboard in Resources */,
			);
			runOnlyForDeploymentPostprocessing = 0;
		};
/* End PBXResourcesBuildPhase section */

/* Begin PBXSourcesBuildPhase section */
		293982DF223077D900CA2288 /* Sources */ = {
			isa = PBXSourcesBuildPhase;
			buildActionMask = 2147483647;
			files = (
				293982E9223077D900CA2288 /* ViewController.swift in Sources */,
				293982E7223077D900CA2288 /* AppDelegate.swift in Sources */,
			);
			runOnlyForDeploymentPostprocessing = 0;
		};
/* End PBXSourcesBuildPhase section */

/* Begin PBXVariantGroup section */
		293982EA223077D900CA2288 /* Main.storyboard */ = {
			isa = PBXVariantGroup;
			children = (
				293982EB223077D900CA2288 /* Base */,
			);
			name = Main.storyboard;
			sourceTree = "<group>";
		};
		293982EF223077D900CA2288 /* LaunchScreen.storyboard */ = {
			isa = PBXVariantGroup;
			children = (
				293982F0223077D900CA2288 /* Base */,
			);
			name = LaunchScreen.storyboard;
			sourceTree = "<group>";
		};
/* End PBXVariantGroup section */

/* Begin XCBuildConfiguration section */
		293982F3223077D900CA2288 /* Debug */ = {
			isa = XCBuildConfiguration;
			buildSettings = {
				ALWAYS_SEARCH_USER_PATHS = NO;
				CLANG_ANALYZER_NONNULL = YES;
				CLANG_CXX_LANGUAGE_STANDARD = "gnu++0x";
				CLANG_CXX_LIBRARY = "libc++";
				CLANG_ENABLE_MODULES = YES;
				CLANG_ENABLE_OBJC_ARC = YES;
				CLANG_WARN_BOOL_CONVERSION = YES;
				CLANG_WARN_CONSTANT_CONVERSION = YES;
				CLANG_WARN_DIRECT_OBJC_ISA_USAGE = YES_ERROR;
				CLANG_WARN_DOCUMENTATION_COMMENTS = YES;
				CLANG_WARN_EMPTY_BODY = YES;
				CLANG_WARN_ENUM_CONVERSION = YES;
				CLANG_WARN_INFINITE_RECURSION = YES;
				CLANG_WARN_INT_CONVERSION = YES;
				CLANG_WARN_OBJC_ROOT_CLASS = YES_ERROR;
				CLANG_WARN_SUSPICIOUS_MOVE = YES;
				CLANG_WARN_UNREACHABLE_CODE = YES;
				CLANG_WARN__DUPLICATE_METHOD_MATCH = YES;
				"CODE_SIGN_IDENTITY[sdk=iphoneos*]" = "iPhone Developer";
				COPY_PHASE_STRIP = NO;
				DEBUG_INFORMATION_FORMAT = dwarf;
				ENABLE_STRICT_OBJC_MSGSEND = YES;
				ENABLE_TESTABILITY = YES;
				GCC_C_LANGUAGE_STANDARD = gnu99;
				GCC_DYNAMIC_NO_PIC = NO;
				GCC_NO_COMMON_BLOCKS = YES;
				GCC_OPTIMIZATION_LEVEL = 0;
				GCC_PREPROCESSOR_DEFINITIONS = (
					"DEBUG=1",
					"$(inherited)",
				);
				GCC_WARN_64_TO_32_BIT_CONVERSION = YES;
				GCC_WARN_ABOUT_RETURN_TYPE = YES_ERROR;
				GCC_WARN_UNDECLARED_SELECTOR = YES;
				GCC_WARN_UNINITIALIZED_AUTOS = YES_AGGRESSIVE;
				GCC_WARN_UNUSED_FUNCTION = YES;
				GCC_WARN_UNUSED_VARIABLE = YES;
				IPHONEOS_DEPLOYMENT_TARGET = 10.2;
				MTL_ENABLE_DEBUG_INFO = YES;
				ONLY_ACTIVE_ARCH = YES;
				SDKROOT = iphoneos;
				SWIFT_ACTIVE_COMPILATION_CONDITIONS = DEBUG;
				SWIFT_OPTIMIZATION_LEVEL = "-Onone";
				TARGETED_DEVICE_FAMILY = "1,2";
			};
			name = Debug;
		};
		293982F4223077D900CA2288 /* Release */ = {
			isa = XCBuildConfiguration;
			buildSettings = {
				ALWAYS_SEARCH_USER_PATHS = NO;
				CLANG_ANALYZER_NONNULL = YES;
				CLANG_CXX_LANGUAGE_STANDARD = "gnu++0x";
				CLANG_CXX_LIBRARY = "libc++";
				CLANG_ENABLE_MODULES = YES;
				CLANG_ENABLE_OBJC_ARC = YES;
				CLANG_WARN_BOOL_CONVERSION = YES;
				CLANG_WARN_CONSTANT_CONVERSION = YES;
				CLANG_WARN_DIRECT_OBJC_ISA_USAGE = YES_ERROR;
				CLANG_WARN_DOCUMENTATION_COMMENTS = YES;
				CLANG_WARN_EMPTY_BODY = YES;
				CLANG_WARN_ENUM_CONVERSION = YES;
				CLANG_WARN_INFINITE_RECURSION = YES;
				CLANG_WARN_INT_CONVERSION = YES;
				CLANG_WARN_OBJC_ROOT_CLASS = YES_ERROR;
				CLANG_WARN_SUSPICIOUS_MOVE = YES;
				CLANG_WARN_UNREACHABLE_CODE = YES;
				CLANG_WARN__DUPLICATE_METHOD_MATCH = YES;
				"CODE_SIGN_IDENTITY[sdk=iphoneos*]" = "iPhone Developer";
				COPY_PHASE_STRIP = NO;
				DEBUG_INFORMATION_FORMAT = "dwarf-with-dsym";
				ENABLE_NS_ASSERTIONS = NO;
				ENABLE_STRICT_OBJC_MSGSEND = YES;
				GCC_C_LANGUAGE_STANDARD = gnu99;
				GCC_NO_COMMON_BLOCKS = YES;
				GCC_WARN_64_TO_32_BIT_CONVERSION = YES;
				GCC_WARN_ABOUT_RETURN_TYPE = YES_ERROR;
				GCC_WARN_UNDECLARED_SELECTOR = YES;
				GCC_WARN_UNINITIALIZED_AUTOS = YES_AGGRESSIVE;
				GCC_WARN_UNUSED_FUNCTION = YES;
				GCC_WARN_UNUSED_VARIABLE = YES;
				IPHONEOS_DEPLOYMENT_TARGET = 10.2;
				MTL_ENABLE_DEBUG_INFO = NO;
				SDKROOT = iphoneos;
				SWIFT_OPTIMIZATION_LEVEL = "-Owholemodule";
				TARGETED_DEVICE_FAMILY = "1,2";
				VALIDATE_PRODUCT = YES;
			};
			name = Release;
		};
		293982F6223077D900CA2288 /* Debug */ = {
			isa = XCBuildConfiguration;
			buildSettings = {
				ASSETCATALOG_COMPILER_APPICON_NAME = AppIcon;
				INFOPLIST_FILE = "Dungeon Descent/Info.plist";
				LD_RUNPATH_SEARCH_PATHS = "$(inherited) @executable_path/Frameworks";
				PRODUCT_BUNDLE_IDENTIFIER = "cs441.Dungeon-Descent";
				PRODUCT_NAME = "$(TARGET_NAME)";
				SWIFT_VERSION = 3.0;
			};
			name = Debug;
		};
		293982F7223077D900CA2288 /* Release */ = {
			isa = XCBuildConfiguration;
			buildSettings = {
				ASSETCATALOG_COMPILER_APPICON_NAME = AppIcon;
				INFOPLIST_FILE = "Dungeon Descent/Info.plist";
				LD_RUNPATH_SEARCH_PATHS = "$(inherited) @executable_path/Frameworks";
				PRODUCT_BUNDLE_IDENTIFIER = "cs441.Dungeon-Descent";
				PRODUCT_NAME = "$(TARGET_NAME)";
				SWIFT_VERSION = 3.0;
			};
			name = Release;
		};
/* End XCBuildConfiguration section */

/* Begin XCConfigurationList section */
		293982DE223077D900CA2288 /* Build configuration list for PBXProject "Dungeon Descent" */ = {
			isa = XCConfigurationList;
			buildConfigurations = (
				293982F3223077D900CA2288 /* Debug */,
				293982F4223077D900CA2288 /* Release */,
			);
			defaultConfigurationIsVisible = 0;
			defaultConfigurationName = Release;
		};
		293982F5223077D900CA2288 /* Build configuration list for PBXNativeTarget "Dungeon Descent" */ = {
			isa = XCConfigurationList;
			buildConfigurations = (
				293982F6223077D900CA2288 /* Debug */,
				293982F7223077D900CA2288 /* Release */,
			);
			defaultConfigurationIsVisible = 0;
		};
/* End XCConfigurationList section */
	};
	rootObject = 293982DB223077D900CA2288 /* Project object */;
}
